PODS:
  - Alamofire (5.4.1)
  - linphone-sdk (4.4.24):
    - linphone-sdk/all-frameworks (= 4.4.24)
    - linphone-sdk/app-extension (= 4.4.24)
    - linphone-sdk/app-extension-swift (= 4.4.24)
    - linphone-sdk/basic-frameworks (= 4.4.24)
    - linphone-sdk/swift (= 4.4.24)
  - linphone-sdk/all-frameworks (4.4.24)
  - linphone-sdk/app-extension (4.4.24)
  - linphone-sdk/app-extension-swift (4.4.24):
    - linphone-sdk/app-extension
  - linphone-sdk/basic-frameworks (4.4.24):
    - linphone-sdk/app-extension
  - linphone-sdk/swift (4.4.24):
    - linphone-sdk/app-extension-swift
    - linphone-sdk/basic-frameworks
  - SnapKit (5.0.1)

DEPENDENCIES:
  - Alamofire
  - linphone-sdk (~> 4.4.24)
  - SnapKit

SPEC REPOS:
  https://github.com/CocoaPods/Specs.git:
    - Alamofire
    - SnapKit
  https://gitlab.linphone.org/BC/public/podspec.git:
    - linphone-sdk

SPEC CHECKSUMS:
  Alamofire: 2291f7d21ca607c491dd17642e5d40fdcda0e65c
  linphone-sdk: ee95301f9902fa341c0d58613443f2c6fb594bae
  SnapKit: 97b92857e3df3a0c71833cce143274bf6ef8e5eb

PODFILE CHECKSUM: fc65e5ff944140c164b4b1ca52171095d30204d5

COCOAPODS: 1.10.1
