// !$*UTF8*$!
{
	archiveVersion = 1;
	classes = {
	};
	objectVersion = 51;
	objects = {

/* Begin PBXBuildFile section */
		1A1AC3BC25CA2BFA00A618C4 /* ChatContainer.swift in Sources */ = {isa = PBXBuildFile; fileRef = 1A1AC3BB25CA2BFA00A618C4 /* ChatContainer.swift */; };
		1A1AC3BF25CA2D1900A618C4 /* RealTimeChatView.swift in Sources */ = {isa = PBXBuildFile; fileRef = 1A1AC3BE25CA2D1900A618C4 /* RealTimeChatView.swift */; };
		1A1ACFFB25BE6D8B00A9A3EF /* ChatTextView.swift in Sources */ = {isa = PBXBuildFile; fileRef = 1A1ACFFA25BE6D8B00A9A3EF /* ChatTextView.swift */; };
		1A1ACFFE25BE8B2000A9A3EF /* UIDeviceHelper.swift in Sources */ = {isa = PBXBuildFile; fileRef = 1A1ACFFD25BE8B2000A9A3EF /* UIDeviceHelper.swift */; };
		1A2453BF25C0F54500CAB099 /* LoginViewController.swift in Sources */ = {isa = PBXBuildFile; fileRef = 1A2453BE25C0F54500CAB099 /* LoginViewController.swift */; };
		1A2453DA25C105E300CAB099 /* CFBaseNavigationController.swift in Sources */ = {isa = PBXBuildFile; fileRef = 1A2453D825C105E300CAB099 /* CFBaseNavigationController.swift */; };
		1A2453DB25C105E300CAB099 /* CFBaseTabBarController.swift in Sources */ = {isa = PBXBuildFile; fileRef = 1A2453D925C105E300CAB099 /* CFBaseTabBarController.swift */; };
		1A2453E125C106B300CAB099 /* UIColorHelper.swift in Sources */ = {isa = PBXBuildFile; fileRef = 1A2453E025C106B200CAB099 /* UIColorHelper.swift */; };
		1A2453E425C1073A00CAB099 /* TestViewController.swift in Sources */ = {isa = PBXBuildFile; fileRef = 1A2453E325C1073A00CAB099 /* TestViewController.swift */; };
		1A3C747B25B94F6400700138 /* ChatViewController.swift in Sources */ = {isa = PBXBuildFile; fileRef = 1A3C747A25B94F6400700138 /* ChatViewController.swift */; };
		1A4E5C0625C941B1001760E1 /* InComingView.swift in Sources */ = {isa = PBXBuildFile; fileRef = 1A4E5C0525C941B0001760E1 /* InComingView.swift */; };
		1A80D25D25CB82FB0071C5DA /* FriendViewController.swift in Sources */ = {isa = PBXBuildFile; fileRef = 1A80D25C25CB82FB0071C5DA /* FriendViewController.swift */; };
		1A80D26125CB86BC0071C5DA /* FriendTableViewCell.swift in Sources */ = {isa = PBXBuildFile; fileRef = 1A80D25F25CB86BC0071C5DA /* FriendTableViewCell.swift */; };
		1A80D26225CB86BC0071C5DA /* FriendTableViewCell.xib in Resources */ = {isa = PBXBuildFile; fileRef = 1A80D26025CB86BC0071C5DA /* FriendTableViewCell.xib */; };
		1A80D26D25CB8AD70071C5DA /* FriendHeaderView.swift in Sources */ = {isa = PBXBuildFile; fileRef = 1A80D26C25CB8AD70071C5DA /* FriendHeaderView.swift */; };
		1A80D27325CB8B1C0071C5DA /* FriendHeaderView.xib in Resources */ = {isa = PBXBuildFile; fileRef = 1A80D27225CB8B1C0071C5DA /* FriendHeaderView.xib */; };
		1A86CECF25E8D8B2000751D4 /* DemoViewController.swift in Sources */ = {isa = PBXBuildFile; fileRef = 1A86CECE25E8D8B2000751D4 /* DemoViewController.swift */; };
		1A86CED225E8D8F6000751D4 /* BasicAudioController.swift in Sources */ = {isa = PBXBuildFile; fileRef = 1A86CED125E8D8F6000751D4 /* BasicAudioController.swift */; };
		1A86CED725E8D924000751D4 /* MockMessage.swift in Sources */ = {isa = PBXBuildFile; fileRef = 1A86CED425E8D924000751D4 /* MockMessage.swift */; };
		1A86CED825E8D924000751D4 /* MockSocket.swift in Sources */ = {isa = PBXBuildFile; fileRef = 1A86CED525E8D924000751D4 /* MockSocket.swift */; };
		1A86CED925E8D924000751D4 /* MockUser.swift in Sources */ = {isa = PBXBuildFile; fileRef = 1A86CED625E8D924000751D4 /* MockUser.swift */; };
		1A86CEDD25E8D94F000751D4 /* SampleData.swift in Sources */ = {isa = PBXBuildFile; fileRef = 1A86CEDB25E8D94F000751D4 /* SampleData.swift */; };
		1A86CEDE25E8D94F000751D4 /* Lorem.swift in Sources */ = {isa = PBXBuildFile; fileRef = 1A86CEDC25E8D94F000751D4 /* Lorem.swift */; };
		1A86CEE125E8DA1B000751D4 /* MessageKitViewController.swift in Sources */ = {isa = PBXBuildFile; fileRef = 1A86CEE025E8DA1B000751D4 /* MessageKitViewController.swift */; };
		1A86CEE625E8DA90000751D4 /* CustomMessageFlowLayout.swift in Sources */ = {isa = PBXBuildFile; fileRef = 1A86CEE325E8DA90000751D4 /* CustomMessageFlowLayout.swift */; };
		1A86CEE725E8DA90000751D4 /* TableViewCells.swift in Sources */ = {isa = PBXBuildFile; fileRef = 1A86CEE425E8DA90000751D4 /* TableViewCells.swift */; };
		1A86CEE825E8DA90000751D4 /* CustomCell.swift in Sources */ = {isa = PBXBuildFile; fileRef = 1A86CEE525E8DA90000751D4 /* CustomCell.swift */; };
		1A878B0725DF4EF900B0303C /* FuncViewController.swift in Sources */ = {isa = PBXBuildFile; fileRef = 1A878B0625DF4EF900B0303C /* FuncViewController.swift */; };
		1A91624E25E0CCE3005399DE /* simple-drum-beat.wav in Resources */ = {isa = PBXBuildFile; fileRef = 1A91624D25E0CCE3005399DE /* simple-drum-beat.wav */; };
		1A969D0F25C2488000CDD342 /* CallHistoryCell.swift in Sources */ = {isa = PBXBuildFile; fileRef = 1A969D0D25C2488000CDD342 /* CallHistoryCell.swift */; };
		1A969D1025C2488000CDD342 /* CallHistoryCell.xib in Resources */ = {isa = PBXBuildFile; fileRef = 1A969D0E25C2488000CDD342 /* CallHistoryCell.xib */; };
		1A969D1925C25AF800CDD342 /* CallMessage.swift in Sources */ = {isa = PBXBuildFile; fileRef = 1A969D1825C25AF800CDD342 /* CallMessage.swift */; };
		1A969D2425C27C7E00CDD342 /* CallChatView.swift in Sources */ = {isa = PBXBuildFile; fileRef = 1A969D2325C27C7E00CDD342 /* CallChatView.swift */; };
		1AA4BD5B25BFB9B3002ADC6B /* ChatTableViewCell.swift in Sources */ = {isa = PBXBuildFile; fileRef = 1AA4BD5925BFB9B3002ADC6B /* ChatTableViewCell.swift */; };
		1AA4BD5C25BFB9B3002ADC6B /* ChatTableViewCell.xib in Resources */ = {isa = PBXBuildFile; fileRef = 1AA4BD5A25BFB9B3002ADC6B /* ChatTableViewCell.xib */; };
		1AB63ECD25B6C51400A915C5 /* AppDelegate.swift in Sources */ = {isa = PBXBuildFile; fileRef = 1AB63ECC25B6C51400A915C5 /* AppDelegate.swift */; };
		1AB63ED125B6C51400A915C5 /* ViewController.swift in Sources */ = {isa = PBXBuildFile; fileRef = 1AB63ED025B6C51400A915C5 /* ViewController.swift */; };
		1AB63ED425B6C51400A915C5 /* Main.storyboard in Resources */ = {isa = PBXBuildFile; fileRef = 1AB63ED225B6C51400A915C5 /* Main.storyboard */; };
		1AB63ED625B6C51800A915C5 /* Assets.xcassets in Resources */ = {isa = PBXBuildFile; fileRef = 1AB63ED525B6C51800A915C5 /* Assets.xcassets */; };
		1AB63ED925B6C51800A915C5 /* LaunchScreen.storyboard in Resources */ = {isa = PBXBuildFile; fileRef = 1AB63ED725B6C51800A915C5 /* LaunchScreen.storyboard */; };
		1AB94B4525C126D90096F8DE /* TextChatViewController.swift in Sources */ = {isa = PBXBuildFile; fileRef = 1AB94B4425C126D90096F8DE /* TextChatViewController.swift */; };
		1AB94B5925C12A490096F8DE /* ChatHistoryCell.swift in Sources */ = {isa = PBXBuildFile; fileRef = 1AB94B5725C12A490096F8DE /* ChatHistoryCell.swift */; };
		1AB94B5A25C12A490096F8DE /* ChatHistoryCell.xib in Resources */ = {isa = PBXBuildFile; fileRef = 1AB94B5825C12A490096F8DE /* ChatHistoryCell.xib */; };
		1AB94B5D25C135230096F8DE /* ChatDetailViewController.swift in Sources */ = {isa = PBXBuildFile; fileRef = 1AB94B5C25C135230096F8DE /* ChatDetailViewController.swift */; };
		1AB94B7225C14E0A0096F8DE /* FaceTimeController.swift in Sources */ = {isa = PBXBuildFile; fileRef = 1AB94B7125C14E0A0096F8DE /* FaceTimeController.swift */; };
		1AD09C6B25B7BB9800047895 /* SwiftLinphone.swift in Sources */ = {isa = PBXBuildFile; fileRef = 1AD09C6A25B7BB9800047895 /* SwiftLinphone.swift */; };
		1AD09C9325B7EC6900047895 /* CallKit.framework in Frameworks */ = {isa = PBXBuildFile; fileRef = 1AD09C9225B7EC6900047895 /* CallKit.framework */; };
		1AFC7EA825E38A8400F595D1 /* WaveformImageDrawer.swift in Sources */ = {isa = PBXBuildFile; fileRef = 1AFC7EA325E38A8400F595D1 /* WaveformImageDrawer.swift */; };
		1AFC7EA925E38A8400F595D1 /* TempiFFT.swift in Sources */ = {isa = PBXBuildFile; fileRef = 1AFC7EA425E38A8400F595D1 /* TempiFFT.swift */; };
		1AFC7EAA25E38A8400F595D1 /* WaveformImageView.swift in Sources */ = {isa = PBXBuildFile; fileRef = 1AFC7EA525E38A8400F595D1 /* WaveformImageView.swift */; };
		1AFC7EAB25E38A8400F595D1 /* WaveformAnalyzer.swift in Sources */ = {isa = PBXBuildFile; fileRef = 1AFC7EA625E38A8400F595D1 /* WaveformAnalyzer.swift */; };
		1AFC7EAC25E38A8400F595D1 /* WaveformImageTypes.swift in Sources */ = {isa = PBXBuildFile; fileRef = 1AFC7EA725E38A8400F595D1 /* WaveformImageTypes.swift */; };
		1AFC7EBE25E39CD100F595D1 /* _group31_M0B_BB_58_wKgJSVmSRjvCZ4wwAAugz-tllHw858.m4a in Resources */ = {isa = PBXBuildFile; fileRef = 1AFC7EBD25E39CD100F595D1 /* _group31_M0B_BB_58_wKgJSVmSRjvCZ4wwAAugz-tllHw858.m4a */; };
		88076EF4B0A707173192DD5D /* Pods_swift_linphone.framework in Frameworks */ = {isa = PBXBuildFile; fileRef = B142154C197B7EC4A7E3F54F /* Pods_swift_linphone.framework */; };
/* End PBXBuildFile section */

/* Begin PBXFileReference section */
		1A1AC3BB25CA2BFA00A618C4 /* ChatContainer.swift */ = {isa = PBXFileReference; lastKnownFileType = sourcecode.swift; path = ChatContainer.swift; sourceTree = "<group>"; };
		1A1AC3BE25CA2D1900A618C4 /* RealTimeChatView.swift */ = {isa = PBXFileReference; lastKnownFileType = sourcecode.swift; path = RealTimeChatView.swift; sourceTree = "<group>"; };
		1A1ACFFA25BE6D8B00A9A3EF /* ChatTextView.swift */ = {isa = PBXFileReference; lastKnownFileType = sourcecode.swift; path = ChatTextView.swift; sourceTree = "<group>"; };
		1A1ACFFD25BE8B2000A9A3EF /* UIDeviceHelper.swift */ = {isa = PBXFileReference; fileEncoding = 4; lastKnownFileType = sourcecode.swift; path = UIDeviceHelper.swift; sourceTree = "<group>"; };
		1A2453BE25C0F54500CAB099 /* LoginViewController.swift */ = {isa = PBXFileReference; lastKnownFileType = sourcecode.swift; path = LoginViewController.swift; sourceTree = "<group>"; };
		1A2453D825C105E300CAB099 /* CFBaseNavigationController.swift */ = {isa = PBXFileReference; fileEncoding = 4; lastKnownFileType = sourcecode.swift; path = CFBaseNavigationController.swift; sourceTree = "<group>"; };
		1A2453D925C105E300CAB099 /* CFBaseTabBarController.swift */ = {isa = PBXFileReference; fileEncoding = 4; lastKnownFileType = sourcecode.swift; path = CFBaseTabBarController.swift; sourceTree = "<group>"; };
		1A2453E025C106B200CAB099 /* UIColorHelper.swift */ = {isa = PBXFileReference; fileEncoding = 4; lastKnownFileType = sourcecode.swift; path = UIColorHelper.swift; sourceTree = "<group>"; };
		1A2453E325C1073A00CAB099 /* TestViewController.swift */ = {isa = PBXFileReference; lastKnownFileType = sourcecode.swift; path = TestViewController.swift; sourceTree = "<group>"; };
		1A3C747A25B94F6400700138 /* ChatViewController.swift */ = {isa = PBXFileReference; lastKnownFileType = sourcecode.swift; path = ChatViewController.swift; sourceTree = "<group>"; };
		1A4D55F325DF8A4100DA9B85 /* swift_linphone-Bridging-Header.h */ = {isa = PBXFileReference; lastKnownFileType = sourcecode.c.h; path = "swift_linphone-Bridging-Header.h"; sourceTree = "<group>"; };
		1A4E5C0525C941B0001760E1 /* InComingView.swift */ = {isa = PBXFileReference; lastKnownFileType = sourcecode.swift; path = InComingView.swift; sourceTree = "<group>"; };
		1A80D25C25CB82FB0071C5DA /* FriendViewController.swift */ = {isa = PBXFileReference; lastKnownFileType = sourcecode.swift; path = FriendViewController.swift; sourceTree = "<group>"; };
		1A80D25F25CB86BC0071C5DA /* FriendTableViewCell.swift */ = {isa = PBXFileReference; lastKnownFileType = sourcecode.swift; path = FriendTableViewCell.swift; sourceTree = "<group>"; };
		1A80D26025CB86BC0071C5DA /* FriendTableViewCell.xib */ = {isa = PBXFileReference; lastKnownFileType = file.xib; path = FriendTableViewCell.xib; sourceTree = "<group>"; };
		1A80D26C25CB8AD70071C5DA /* FriendHeaderView.swift */ = {isa = PBXFileReference; lastKnownFileType = sourcecode.swift; path = FriendHeaderView.swift; sourceTree = "<group>"; };
		1A80D27225CB8B1C0071C5DA /* FriendHeaderView.xib */ = {isa = PBXFileReference; lastKnownFileType = file.xib; path = FriendHeaderView.xib; sourceTree = "<group>"; };
		1A86CECE25E8D8B2000751D4 /* DemoViewController.swift */ = {isa = PBXFileReference; lastKnownFileType = sourcecode.swift; path = DemoViewController.swift; sourceTree = "<group>"; };
		1A86CED125E8D8F6000751D4 /* BasicAudioController.swift */ = {isa = PBXFileReference; fileEncoding = 4; lastKnownFileType = sourcecode.swift; path = BasicAudioController.swift; sourceTree = "<group>"; };
		1A86CED425E8D924000751D4 /* MockMessage.swift */ = {isa = PBXFileReference; fileEncoding = 4; lastKnownFileType = sourcecode.swift; path = MockMessage.swift; sourceTree = "<group>"; };
		1A86CED525E8D924000751D4 /* MockSocket.swift */ = {isa = PBXFileReference; fileEncoding = 4; lastKnownFileType = sourcecode.swift; path = MockSocket.swift; sourceTree = "<group>"; };
		1A86CED625E8D924000751D4 /* MockUser.swift */ = {isa = PBXFileReference; fileEncoding = 4; lastKnownFileType = sourcecode.swift; path = MockUser.swift; sourceTree = "<group>"; };
		1A86CEDB25E8D94F000751D4 /* SampleData.swift */ = {isa = PBXFileReference; fileEncoding = 4; lastKnownFileType = sourcecode.swift; path = SampleData.swift; sourceTree = "<group>"; };
		1A86CEDC25E8D94F000751D4 /* Lorem.swift */ = {isa = PBXFileReference; fileEncoding = 4; lastKnownFileType = sourcecode.swift; path = Lorem.swift; sourceTree = "<group>"; };
		1A86CEE025E8DA1B000751D4 /* MessageKitViewController.swift */ = {isa = PBXFileReference; lastKnownFileType = sourcecode.swift; path = MessageKitViewController.swift; sourceTree = "<group>"; };
		1A86CEE325E8DA90000751D4 /* CustomMessageFlowLayout.swift */ = {isa = PBXFileReference; fileEncoding = 4; lastKnownFileType = sourcecode.swift; path = CustomMessageFlowLayout.swift; sourceTree = "<group>"; };
		1A86CEE425E8DA90000751D4 /* TableViewCells.swift */ = {isa = PBXFileReference; fileEncoding = 4; lastKnownFileType = sourcecode.swift; path = TableViewCells.swift; sourceTree = "<group>"; };
		1A86CEE525E8DA90000751D4 /* CustomCell.swift */ = {isa = PBXFileReference; fileEncoding = 4; lastKnownFileType = sourcecode.swift; path = CustomCell.swift; sourceTree = "<group>"; };
		1A878B0625DF4EF900B0303C /* FuncViewController.swift */ = {isa = PBXFileReference; lastKnownFileType = sourcecode.swift; path = FuncViewController.swift; sourceTree = "<group>"; };
		1A91624D25E0CCE3005399DE /* simple-drum-beat.wav */ = {isa = PBXFileReference; lastKnownFileType = audio.wav; path = "simple-drum-beat.wav"; sourceTree = "<group>"; };
		1A969D0D25C2488000CDD342 /* CallHistoryCell.swift */ = {isa = PBXFileReference; lastKnownFileType = sourcecode.swift; path = CallHistoryCell.swift; sourceTree = "<group>"; };
		1A969D0E25C2488000CDD342 /* CallHistoryCell.xib */ = {isa = PBXFileReference; lastKnownFileType = file.xib; path = CallHistoryCell.xib; sourceTree = "<group>"; };
		1A969D1825C25AF800CDD342 /* CallMessage.swift */ = {isa = PBXFileReference; lastKnownFileType = sourcecode.swift; path = CallMessage.swift; sourceTree = "<group>"; };
		1A969D2325C27C7E00CDD342 /* CallChatView.swift */ = {isa = PBXFileReference; lastKnownFileType = sourcecode.swift; path = CallChatView.swift; sourceTree = "<group>"; };
		1AA4BD5925BFB9B3002ADC6B /* ChatTableViewCell.swift */ = {isa = PBXFileReference; lastKnownFileType = sourcecode.swift; path = ChatTableViewCell.swift; sourceTree = "<group>"; };
		1AA4BD5A25BFB9B3002ADC6B /* ChatTableViewCell.xib */ = {isa = PBXFileReference; lastKnownFileType = file.xib; path = ChatTableViewCell.xib; sourceTree = "<group>"; };
		1AB63EC925B6C51400A915C5 /* swift_linphone.app */ = {isa = PBXFileReference; explicitFileType = wrapper.application; includeInIndex = 0; path = swift_linphone.app; sourceTree = BUILT_PRODUCTS_DIR; };
		1AB63ECC25B6C51400A915C5 /* AppDelegate.swift */ = {isa = PBXFileReference; lastKnownFileType = sourcecode.swift; path = AppDelegate.swift; sourceTree = "<group>"; };
		1AB63ED025B6C51400A915C5 /* ViewController.swift */ = {isa = PBXFileReference; lastKnownFileType = sourcecode.swift; path = ViewController.swift; sourceTree = "<group>"; };
		1AB63ED325B6C51400A915C5 /* Base */ = {isa = PBXFileReference; lastKnownFileType = file.storyboard; name = Base; path = Base.lproj/Main.storyboard; sourceTree = "<group>"; };
		1AB63ED525B6C51800A915C5 /* Assets.xcassets */ = {isa = PBXFileReference; lastKnownFileType = folder.assetcatalog; path = Assets.xcassets; sourceTree = "<group>"; };
		1AB63ED825B6C51800A915C5 /* Base */ = {isa = PBXFileReference; lastKnownFileType = file.storyboard; name = Base; path = Base.lproj/LaunchScreen.storyboard; sourceTree = "<group>"; };
		1AB63EDA25B6C51800A915C5 /* Info.plist */ = {isa = PBXFileReference; lastKnownFileType = text.plist.xml; path = Info.plist; sourceTree = "<group>"; };
		1AB94B4425C126D90096F8DE /* TextChatViewController.swift */ = {isa = PBXFileReference; lastKnownFileType = sourcecode.swift; path = TextChatViewController.swift; sourceTree = "<group>"; };
		1AB94B5725C12A490096F8DE /* ChatHistoryCell.swift */ = {isa = PBXFileReference; lastKnownFileType = sourcecode.swift; path = ChatHistoryCell.swift; sourceTree = "<group>"; };
		1AB94B5825C12A490096F8DE /* ChatHistoryCell.xib */ = {isa = PBXFileReference; lastKnownFileType = file.xib; path = ChatHistoryCell.xib; sourceTree = "<group>"; };
		1AB94B5C25C135230096F8DE /* ChatDetailViewController.swift */ = {isa = PBXFileReference; lastKnownFileType = sourcecode.swift; path = ChatDetailViewController.swift; sourceTree = "<group>"; };
		1AB94B7125C14E0A0096F8DE /* FaceTimeController.swift */ = {isa = PBXFileReference; lastKnownFileType = sourcecode.swift; path = FaceTimeController.swift; sourceTree = "<group>"; };
		1AD09C6A25B7BB9800047895 /* SwiftLinphone.swift */ = {isa = PBXFileReference; lastKnownFileType = sourcecode.swift; path = SwiftLinphone.swift; sourceTree = "<group>"; };
		1AD09C9225B7EC6900047895 /* CallKit.framework */ = {isa = PBXFileReference; lastKnownFileType = wrapper.framework; name = CallKit.framework; path = System/Library/Frameworks/CallKit.framework; sourceTree = SDKROOT; };
		1AD09C9625B7ECE500047895 /* swift_linphone.entitlements */ = {isa = PBXFileReference; lastKnownFileType = text.plist.entitlements; path = swift_linphone.entitlements; sourceTree = "<group>"; };
		1AFC7EA325E38A8400F595D1 /* WaveformImageDrawer.swift */ = {isa = PBXFileReference; fileEncoding = 4; lastKnownFileType = sourcecode.swift; path = WaveformImageDrawer.swift; sourceTree = "<group>"; };
		1AFC7EA425E38A8400F595D1 /* TempiFFT.swift */ = {isa = PBXFileReference; fileEncoding = 4; lastKnownFileType = sourcecode.swift; path = TempiFFT.swift; sourceTree = "<group>"; };
		1AFC7EA525E38A8400F595D1 /* WaveformImageView.swift */ = {isa = PBXFileReference; fileEncoding = 4; lastKnownFileType = sourcecode.swift; path = WaveformImageView.swift; sourceTree = "<group>"; };
		1AFC7EA625E38A8400F595D1 /* WaveformAnalyzer.swift */ = {isa = PBXFileReference; fileEncoding = 4; lastKnownFileType = sourcecode.swift; path = WaveformAnalyzer.swift; sourceTree = "<group>"; };
		1AFC7EA725E38A8400F595D1 /* WaveformImageTypes.swift */ = {isa = PBXFileReference; fileEncoding = 4; lastKnownFileType = sourcecode.swift; path = WaveformImageTypes.swift; sourceTree = "<group>"; };
		1AFC7EAE25E38E0600F595D1 /* DSWaveformImage.h */ = {isa = PBXFileReference; fileEncoding = 4; lastKnownFileType = sourcecode.c.h; path = DSWaveformImage.h; sourceTree = "<group>"; };
		1AFC7EBD25E39CD100F595D1 /* _group31_M0B_BB_58_wKgJSVmSRjvCZ4wwAAugz-tllHw858.m4a */ = {isa = PBXFileReference; lastKnownFileType = file; path = "_group31_M0B_BB_58_wKgJSVmSRjvCZ4wwAAugz-tllHw858.m4a"; sourceTree = "<group>"; };
		B142154C197B7EC4A7E3F54F /* Pods_swift_linphone.framework */ = {isa = PBXFileReference; explicitFileType = wrapper.framework; includeInIndex = 0; path = Pods_swift_linphone.framework; sourceTree = BUILT_PRODUCTS_DIR; };
		B406F0B2A94AD06E3EE37B16 /* Pods-swift_linphone.debug.xcconfig */ = {isa = PBXFileReference; includeInIndex = 1; lastKnownFileType = text.xcconfig; name = "Pods-swift_linphone.debug.xcconfig"; path = "Target Support Files/Pods-swift_linphone/Pods-swift_linphone.debug.xcconfig"; sourceTree = "<group>"; };
		F971C9F215E499BB3DCCCA8D /* Pods-swift_linphone.release.xcconfig */ = {isa = PBXFileReference; includeInIndex = 1; lastKnownFileType = text.xcconfig; name = "Pods-swift_linphone.release.xcconfig"; path = "Target Support Files/Pods-swift_linphone/Pods-swift_linphone.release.xcconfig"; sourceTree = "<group>"; };
/* End PBXFileReference section */

/* Begin PBXFrameworksBuildPhase section */
		1AB63EC625B6C51400A915C5 /* Frameworks */ = {
			isa = PBXFrameworksBuildPhase;
			buildActionMask = 2147483647;
			files = (
				88076EF4B0A707173192DD5D /* Pods_swift_linphone.framework in Frameworks */,
				1AD09C9325B7EC6900047895 /* CallKit.framework in Frameworks */,
			);
			runOnlyForDeploymentPostprocessing = 0;
		};
/* End PBXFrameworksBuildPhase section */

/* Begin PBXGroup section */
		1AB63EC025B6C51400A915C5 = {
			isa = PBXGroup;
			children = (
				1AB63ECB25B6C51400A915C5 /* swift_linphone */,
				1AB63ECA25B6C51400A915C5 /* Products */,
				DB64DBEB01590D866F60FCEE /* Pods */,
				8B9E285A53236E9469803CBC /* Frameworks */,
			);
			sourceTree = "<group>";
		};
		1AB63ECA25B6C51400A915C5 /* Products */ = {
			isa = PBXGroup;
			children = (
				1AB63EC925B6C51400A915C5 /* swift_linphone.app */,
			);
			name = Products;
			sourceTree = "<group>";
		};
		1AB63ECB25B6C51400A915C5 /* swift_linphone */ = {
			isa = PBXGroup;
			children = (
				1AD09C9625B7ECE500047895 /* swift_linphone.entitlements */,
				1A878B0625DF4EF900B0303C /* FuncViewController.swift */,
				1A2453D825C105E300CAB099 /* CFBaseNavigationController.swift */,
				1A2453D925C105E300CAB099 /* CFBaseTabBarController.swift */,
				1AB63ECC25B6C51400A915C5 /* AppDelegate.swift */,
				1AB63ED025B6C51400A915C5 /* ViewController.swift */,
				1A2453E325C1073A00CAB099 /* TestViewController.swift */,
				1AD09C6A25B7BB9800047895 /* SwiftLinphone.swift */,
				1A969D1825C25AF800CDD342 /* CallMessage.swift */,
				1A2453BE25C0F54500CAB099 /* LoginViewController.swift */,
				1A3C747A25B94F6400700138 /* ChatViewController.swift */,
				1A1ACFFA25BE6D8B00A9A3EF /* ChatTextView.swift */,
				1A1ACFFD25BE8B2000A9A3EF /* UIDeviceHelper.swift */,
				1AA4BD5925BFB9B3002ADC6B /* ChatTableViewCell.swift */,
				1AA4BD5A25BFB9B3002ADC6B /* ChatTableViewCell.xib */,
				1A2453E025C106B200CAB099 /* UIColorHelper.swift */,
				1AB63ED225B6C51400A915C5 /* Main.storyboard */,
				1AB94B4425C126D90096F8DE /* TextChatViewController.swift */,
				1AB94B5C25C135230096F8DE /* ChatDetailViewController.swift */,
				1AB94B7125C14E0A0096F8DE /* FaceTimeController.swift */,
				1A80D25C25CB82FB0071C5DA /* FriendViewController.swift */,
				1AB94B5725C12A490096F8DE /* ChatHistoryCell.swift */,
				1AB94B5825C12A490096F8DE /* ChatHistoryCell.xib */,
				1A969D0D25C2488000CDD342 /* CallHistoryCell.swift */,
				1A969D0E25C2488000CDD342 /* CallHistoryCell.xib */,
				1A969D2325C27C7E00CDD342 /* CallChatView.swift */,
				1A4E5C0525C941B0001760E1 /* InComingView.swift */,
				1A1AC3BB25CA2BFA00A618C4 /* ChatContainer.swift */,
				1A1AC3BE25CA2D1900A618C4 /* RealTimeChatView.swift */,
				1A80D25F25CB86BC0071C5DA /* FriendTableViewCell.swift */,
				1A80D26025CB86BC0071C5DA /* FriendTableViewCell.xib */,
				1A80D26C25CB8AD70071C5DA /* FriendHeaderView.swift */,
				1A80D27225CB8B1C0071C5DA /* FriendHeaderView.xib */,
				1AFC7EBD25E39CD100F595D1 /* _group31_M0B_BB_58_wKgJSVmSRjvCZ4wwAAugz-tllHw858.m4a */,
				1A91624D25E0CCE3005399DE /* simple-drum-beat.wav */,
				1AB63ED525B6C51800A915C5 /* Assets.xcassets */,
				1AB63ED725B6C51800A915C5 /* LaunchScreen.storyboard */,
				1A86CECE25E8D8B2000751D4 /* DemoViewController.swift */,
				1A86CED125E8D8F6000751D4 /* BasicAudioController.swift */,
				1A86CED425E8D924000751D4 /* MockMessage.swift */,
				1A86CED525E8D924000751D4 /* MockSocket.swift */,
				1A86CED625E8D924000751D4 /* MockUser.swift */,
				1A86CEDC25E8D94F000751D4 /* Lorem.swift */,
				1A86CEDB25E8D94F000751D4 /* SampleData.swift */,
				1A86CEE025E8DA1B000751D4 /* MessageKitViewController.swift */,
				1A86CEE525E8DA90000751D4 /* CustomCell.swift */,
				1A86CEE325E8DA90000751D4 /* CustomMessageFlowLayout.swift */,
				1A86CEE425E8DA90000751D4 /* TableViewCells.swift */,
				1AFC7EA225E38A8400F595D1 /* DSWaveformImage */,
				1AFC7EAE25E38E0600F595D1 /* DSWaveformImage.h */,
				1AB63EDA25B6C51800A915C5 /* Info.plist */,
				1A4D55F325DF8A4100DA9B85 /* swift_linphone-Bridging-Header.h */,
			);
			path = swift_linphone;
			sourceTree = "<group>";
		};
		1AFC7EA225E38A8400F595D1 /* DSWaveformImage */ = {
			isa = PBXGroup;
			children = (
				1AFC7EA325E38A8400F595D1 /* WaveformImageDrawer.swift */,
				1AFC7EA425E38A8400F595D1 /* TempiFFT.swift */,
				1AFC7EA525E38A8400F595D1 /* WaveformImageView.swift */,
				1AFC7EA625E38A8400F595D1 /* WaveformAnalyzer.swift */,
				1AFC7EA725E38A8400F595D1 /* WaveformImageTypes.swift */,
			);
			path = DSWaveformImage;
			sourceTree = "<group>";
		};
		8B9E285A53236E9469803CBC /* Frameworks */ = {
			isa = PBXGroup;
			children = (
				1AD09C9225B7EC6900047895 /* CallKit.framework */,
				B142154C197B7EC4A7E3F54F /* Pods_swift_linphone.framework */,
			);
			name = Frameworks;
			sourceTree = "<group>";
		};
		DB64DBEB01590D866F60FCEE /* Pods */ = {
			isa = PBXGroup;
			children = (
				B406F0B2A94AD06E3EE37B16 /* Pods-swift_linphone.debug.xcconfig */,
				F971C9F215E499BB3DCCCA8D /* Pods-swift_linphone.release.xcconfig */,
			);
			path = Pods;
			sourceTree = "<group>";
		};
/* End PBXGroup section */

/* Begin PBXNativeTarget section */
		1AB63EC825B6C51400A915C5 /* swift_linphone */ = {
			isa = PBXNativeTarget;
			buildConfigurationList = 1AB63EDD25B6C51800A915C5 /* Build configuration list for PBXNativeTarget "swift_linphone" */;
			buildPhases = (
				7656B3ED4AB99276D432DA91 /* [CP] Check Pods Manifest.lock */,
				1AB63EC525B6C51400A915C5 /* Sources */,
				1AB63EC625B6C51400A915C5 /* Frameworks */,
				1AB63EC725B6C51400A915C5 /* Resources */,
				D0A47F13D342F0E58AEC7490 /* [CP] Embed Pods Frameworks */,
			);
			buildRules = (
			);
			dependencies = (
			);
			name = swift_linphone;
			productName = swift_linphone;
			productReference = 1AB63EC925B6C51400A915C5 /* swift_linphone.app */;
			productType = "com.apple.product-type.application";
		};
/* End PBXNativeTarget section */

/* Begin PBXProject section */
		1AB63EC125B6C51400A915C5 /* Project object */ = {
			isa = PBXProject;
			attributes = {
				LastSwiftUpdateCheck = 1230;
				LastUpgradeCheck = 1230;
				TargetAttributes = {
					1AB63EC825B6C51400A915C5 = {
						CreatedOnToolsVersion = 12.3;
						LastSwiftMigration = 1240;
					};
				};
			};
			buildConfigurationList = 1AB63EC425B6C51400A915C5 /* Build configuration list for PBXProject "swift_linphone" */;
			compatibilityVersion = "Xcode 9.3";
			developmentRegion = en;
			hasScannedForEncodings = 0;
			knownRegions = (
				en,
				Base,
			);
			mainGroup = 1AB63EC025B6C51400A915C5;
			productRefGroup = 1AB63ECA25B6C51400A915C5 /* Products */;
			projectDirPath = "";
			projectRoot = "";
			targets = (
				1AB63EC825B6C51400A915C5 /* swift_linphone */,
			);
		};
/* End PBXProject section */

/* Begin PBXResourcesBuildPhase section */
		1AB63EC725B6C51400A915C5 /* Resources */ = {
			isa = PBXResourcesBuildPhase;
			buildActionMask = 2147483647;
			files = (
				1AB94B5A25C12A490096F8DE /* ChatHistoryCell.xib in Resources */,
				1AFC7EBE25E39CD100F595D1 /* _group31_M0B_BB_58_wKgJSVmSRjvCZ4wwAAugz-tllHw858.m4a in Resources */,
				1A80D27325CB8B1C0071C5DA /* FriendHeaderView.xib in Resources */,
				1AB63ED925B6C51800A915C5 /* LaunchScreen.storyboard in Resources */,
				1A969D1025C2488000CDD342 /* CallHistoryCell.xib in Resources */,
				1A80D26225CB86BC0071C5DA /* FriendTableViewCell.xib in Resources */,
				1A91624E25E0CCE3005399DE /* simple-drum-beat.wav in Resources */,
				1AA4BD5C25BFB9B3002ADC6B /* ChatTableViewCell.xib in Resources */,
				1AB63ED625B6C51800A915C5 /* Assets.xcassets in Resources */,
				1AB63ED425B6C51400A915C5 /* Main.storyboard in Resources */,
			);
			runOnlyForDeploymentPostprocessing = 0;
		};
/* End PBXResourcesBuildPhase section */

/* Begin PBXShellScriptBuildPhase section */
		7656B3ED4AB99276D432DA91 /* [CP] Check Pods Manifest.lock */ = {
			isa = PBXShellScriptBuildPhase;
			buildActionMask = 2147483647;
			files = (
			);
			inputFileListPaths = (
			);
			inputPaths = (
				"${PODS_PODFILE_DIR_PATH}/Podfile.lock",
				"${PODS_ROOT}/Manifest.lock",
			);
			name = "[CP] Check Pods Manifest.lock";
			outputFileListPaths = (
			);
			outputPaths = (
				"$(DERIVED_FILE_DIR)/Pods-swift_linphone-checkManifestLockResult.txt",
			);
			runOnlyForDeploymentPostprocessing = 0;
			shellPath = /bin/sh;
			shellScript = "diff \"${PODS_PODFILE_DIR_PATH}/Podfile.lock\" \"${PODS_ROOT}/Manifest.lock\" > /dev/null\nif [ $? != 0 ] ; then\n    # print error to STDERR\n    echo \"error: The sandbox is not in sync with the Podfile.lock. Run 'pod install' or update your CocoaPods installation.\" >&2\n    exit 1\nfi\n# This output is used by Xcode 'outputs' to avoid re-running this script phase.\necho \"SUCCESS\" > \"${SCRIPT_OUTPUT_FILE_0}\"\n";
			showEnvVarsInLog = 0;
		};
		D0A47F13D342F0E58AEC7490 /* [CP] Embed Pods Frameworks */ = {
			isa = PBXShellScriptBuildPhase;
			buildActionMask = 2147483647;
			files = (
			);
			inputFileListPaths = (
				"${PODS_ROOT}/Target Support Files/Pods-swift_linphone/Pods-swift_linphone-frameworks-${CONFIGURATION}-input-files.xcfilelist",
			);
			name = "[CP] Embed Pods Frameworks";
			outputFileListPaths = (
				"${PODS_ROOT}/Target Support Files/Pods-swift_linphone/Pods-swift_linphone-frameworks-${CONFIGURATION}-output-files.xcfilelist",
			);
			runOnlyForDeploymentPostprocessing = 0;
			shellPath = /bin/sh;
			shellScript = "\"${PODS_ROOT}/Target Support Files/Pods-swift_linphone/Pods-swift_linphone-frameworks.sh\"\n";
			showEnvVarsInLog = 0;
		};
/* End PBXShellScriptBuildPhase section */

/* Begin PBXSourcesBuildPhase section */
		1AB63EC525B6C51400A915C5 /* Sources */ = {
			isa = PBXSourcesBuildPhase;
			buildActionMask = 2147483647;
			files = (
				1A2453DB25C105E300CAB099 /* CFBaseTabBarController.swift in Sources */,
				1A2453BF25C0F54500CAB099 /* LoginViewController.swift in Sources */,
				1AFC7EAA25E38A8400F595D1 /* WaveformImageView.swift in Sources */,
				1AB63ED125B6C51400A915C5 /* ViewController.swift in Sources */,
				1A969D1925C25AF800CDD342 /* CallMessage.swift in Sources */,
				1A80D25D25CB82FB0071C5DA /* FriendViewController.swift in Sources */,
				1A86CEE625E8DA90000751D4 /* CustomMessageFlowLayout.swift in Sources */,
				1A4E5C0625C941B1001760E1 /* InComingView.swift in Sources */,
				1A86CED725E8D924000751D4 /* MockMessage.swift in Sources */,
				1AB94B4525C126D90096F8DE /* TextChatViewController.swift in Sources */,
				1AFC7EAB25E38A8400F595D1 /* WaveformAnalyzer.swift in Sources */,
				1A2453E125C106B300CAB099 /* UIColorHelper.swift in Sources */,
				1A2453DA25C105E300CAB099 /* CFBaseNavigationController.swift in Sources */,
				1A2453E425C1073A00CAB099 /* TestViewController.swift in Sources */,
				1A969D0F25C2488000CDD342 /* CallHistoryCell.swift in Sources */,
				1AB94B5925C12A490096F8DE /* ChatHistoryCell.swift in Sources */,
				1AFC7EA925E38A8400F595D1 /* TempiFFT.swift in Sources */,
				1A878B0725DF4EF900B0303C /* FuncViewController.swift in Sources */,
				1A86CED225E8D8F6000751D4 /* BasicAudioController.swift in Sources */,
				1A1ACFFB25BE6D8B00A9A3EF /* ChatTextView.swift in Sources */,
				1AD09C6B25B7BB9800047895 /* SwiftLinphone.swift in Sources */,
				1AB94B5D25C135230096F8DE /* ChatDetailViewController.swift in Sources */,
				1A86CEE725E8DA90000751D4 /* TableViewCells.swift in Sources */,
				1A80D26125CB86BC0071C5DA /* FriendTableViewCell.swift in Sources */,
				1AB94B7225C14E0A0096F8DE /* FaceTimeController.swift in Sources */,
				1A86CEDE25E8D94F000751D4 /* Lorem.swift in Sources */,
				1A3C747B25B94F6400700138 /* ChatViewController.swift in Sources */,
				1AA4BD5B25BFB9B3002ADC6B /* ChatTableViewCell.swift in Sources */,
				1A86CECF25E8D8B2000751D4 /* DemoViewController.swift in Sources */,
				1AB63ECD25B6C51400A915C5 /* AppDelegate.swift in Sources */,
				1A969D2425C27C7E00CDD342 /* CallChatView.swift in Sources */,
				1A86CEE125E8DA1B000751D4 /* MessageKitViewController.swift in Sources */,
				1A86CEDD25E8D94F000751D4 /* SampleData.swift in Sources */,
				1A1AC3BF25CA2D1900A618C4 /* RealTimeChatView.swift in Sources */,
				1AFC7EA825E38A8400F595D1 /* WaveformImageDrawer.swift in Sources */,
				1A1AC3BC25CA2BFA00A618C4 /* ChatContainer.swift in Sources */,
				1AFC7EAC25E38A8400F595D1 /* WaveformImageTypes.swift in Sources */,
				1A80D26D25CB8AD70071C5DA /* FriendHeaderView.swift in Sources */,
				1A1ACFFE25BE8B2000A9A3EF /* UIDeviceHelper.swift in Sources */,
				1A86CED925E8D924000751D4 /* MockUser.swift in Sources */,
				1A86CEE825E8DA90000751D4 /* CustomCell.swift in Sources */,
				1A86CED825E8D924000751D4 /* MockSocket.swift in Sources */,
			);
			runOnlyForDeploymentPostprocessing = 0;
		};
/* End PBXSourcesBuildPhase section */

/* Begin PBXVariantGroup section */
		1AB63ED225B6C51400A915C5 /* Main.storyboard */ = {
			isa = PBXVariantGroup;
			children = (
				1AB63ED325B6C51400A915C5 /* Base */,
			);
			name = Main.storyboard;
			sourceTree = "<group>";
		};
		1AB63ED725B6C51800A915C5 /* LaunchScreen.storyboard */ = {
			isa = PBXVariantGroup;
			children = (
				1AB63ED825B6C51800A915C5 /* Base */,
			);
			name = LaunchScreen.storyboard;
			sourceTree = "<group>";
		};
/* End PBXVariantGroup section */

/* Begin XCBuildConfiguration section */
		1AB63EDB25B6C51800A915C5 /* Debug */ = {
			isa = XCBuildConfiguration;
			buildSettings = {
				ALWAYS_SEARCH_USER_PATHS = NO;
				CLANG_ANALYZER_NONNULL = YES;
				CLANG_ANALYZER_NUMBER_OBJECT_CONVERSION = YES_AGGRESSIVE;
				CLANG_CXX_LANGUAGE_STANDARD = "gnu++14";
				CLANG_CXX_LIBRARY = "libc++";
				CLANG_ENABLE_MODULES = YES;
				CLANG_ENABLE_OBJC_ARC = YES;
				CLANG_ENABLE_OBJC_WEAK = YES;
				CLANG_WARN_BLOCK_CAPTURE_AUTORELEASING = YES;
				CLANG_WARN_BOOL_CONVERSION = YES;
				CLANG_WARN_COMMA = YES;
				CLANG_WARN_CONSTANT_CONVERSION = YES;
				CLANG_WARN_DEPRECATED_OBJC_IMPLEMENTATIONS = YES;
				CLANG_WARN_DIRECT_OBJC_ISA_USAGE = YES_ERROR;
				CLANG_WARN_DOCUMENTATION_COMMENTS = YES;
				CLANG_WARN_EMPTY_BODY = YES;
				CLANG_WARN_ENUM_CONVERSION = YES;
				CLANG_WARN_INFINITE_RECURSION = YES;
				CLANG_WARN_INT_CONVERSION = YES;
				CLANG_WARN_NON_LITERAL_NULL_CONVERSION = YES;
				CLANG_WARN_OBJC_IMPLICIT_RETAIN_SELF = YES;
				CLANG_WARN_OBJC_LITERAL_CONVERSION = YES;
				CLANG_WARN_OBJC_ROOT_CLASS = YES_ERROR;
				CLANG_WARN_QUOTED_INCLUDE_IN_FRAMEWORK_HEADER = YES;
				CLANG_WARN_RANGE_LOOP_ANALYSIS = YES;
				CLANG_WARN_STRICT_PROTOTYPES = YES;
				CLANG_WARN_SUSPICIOUS_MOVE = YES;
				CLANG_WARN_UNGUARDED_AVAILABILITY = YES_AGGRESSIVE;
				CLANG_WARN_UNREACHABLE_CODE = YES;
				CLANG_WARN__DUPLICATE_METHOD_MATCH = YES;
				COPY_PHASE_STRIP = NO;
				DEBUG_INFORMATION_FORMAT = dwarf;
				ENABLE_STRICT_OBJC_MSGSEND = YES;
				ENABLE_TESTABILITY = YES;
				GCC_C_LANGUAGE_STANDARD = gnu11;
				GCC_DYNAMIC_NO_PIC = NO;
				GCC_NO_COMMON_BLOCKS = YES;
				GCC_OPTIMIZATION_LEVEL = 0;
				GCC_PREPROCESSOR_DEFINITIONS = (
					"DEBUG=1",
					"$(inherited)",
				);
				GCC_WARN_64_TO_32_BIT_CONVERSION = YES;
				GCC_WARN_ABOUT_RETURN_TYPE = YES_ERROR;
				GCC_WARN_UNDECLARED_SELECTOR = YES;
				GCC_WARN_UNINITIALIZED_AUTOS = YES_AGGRESSIVE;
				GCC_WARN_UNUSED_FUNCTION = YES;
				GCC_WARN_UNUSED_VARIABLE = YES;
				IPHONEOS_DEPLOYMENT_TARGET = 14.3;
				MTL_ENABLE_DEBUG_INFO = INCLUDE_SOURCE;
				MTL_FAST_MATH = YES;
				ONLY_ACTIVE_ARCH = YES;
				SDKROOT = iphoneos;
				SWIFT_ACTIVE_COMPILATION_CONDITIONS = DEBUG;
				SWIFT_OPTIMIZATION_LEVEL = "-Onone";
			};
			name = Debug;
		};
		1AB63EDC25B6C51800A915C5 /* Release */ = {
			isa = XCBuildConfiguration;
			buildSettings = {
				ALWAYS_SEARCH_USER_PATHS = NO;
				CLANG_ANALYZER_NONNULL = YES;
				CLANG_ANALYZER_NUMBER_OBJECT_CONVERSION = YES_AGGRESSIVE;
				CLANG_CXX_LANGUAGE_STANDARD = "gnu++14";
				CLANG_CXX_LIBRARY = "libc++";
				CLANG_ENABLE_MODULES = YES;
				CLANG_ENABLE_OBJC_ARC = YES;
				CLANG_ENABLE_OBJC_WEAK = YES;
				CLANG_WARN_BLOCK_CAPTURE_AUTORELEASING = YES;
				CLANG_WARN_BOOL_CONVERSION = YES;
				CLANG_WARN_COMMA = YES;
				CLANG_WARN_CONSTANT_CONVERSION = YES;
				CLANG_WARN_DEPRECATED_OBJC_IMPLEMENTATIONS = YES;
				CLANG_WARN_DIRECT_OBJC_ISA_USAGE = YES_ERROR;
				CLANG_WARN_DOCUMENTATION_COMMENTS = YES;
				CLANG_WARN_EMPTY_BODY = YES;
				CLANG_WARN_ENUM_CONVERSION = YES;
				CLANG_WARN_INFINITE_RECURSION = YES;
				CLANG_WARN_INT_CONVERSION = YES;
				CLANG_WARN_NON_LITERAL_NULL_CONVERSION = YES;
				CLANG_WARN_OBJC_IMPLICIT_RETAIN_SELF = YES;
				CLANG_WARN_OBJC_LITERAL_CONVERSION = YES;
				CLANG_WARN_OBJC_ROOT_CLASS = YES_ERROR;
				CLANG_WARN_QUOTED_INCLUDE_IN_FRAMEWORK_HEADER = YES;
				CLANG_WARN_RANGE_LOOP_ANALYSIS = YES;
				CLANG_WARN_STRICT_PROTOTYPES = YES;
				CLANG_WARN_SUSPICIOUS_MOVE = YES;
				CLANG_WARN_UNGUARDED_AVAILABILITY = YES_AGGRESSIVE;
				CLANG_WARN_UNREACHABLE_CODE = YES;
				CLANG_WARN__DUPLICATE_METHOD_MATCH = YES;
				COPY_PHASE_STRIP = NO;
				DEBUG_INFORMATION_FORMAT = "dwarf-with-dsym";
				ENABLE_NS_ASSERTIONS = NO;
				ENABLE_STRICT_OBJC_MSGSEND = YES;
				GCC_C_LANGUAGE_STANDARD = gnu11;
				GCC_NO_COMMON_BLOCKS = YES;
				GCC_WARN_64_TO_32_BIT_CONVERSION = YES;
				GCC_WARN_ABOUT_RETURN_TYPE = YES_ERROR;
				GCC_WARN_UNDECLARED_SELECTOR = YES;
				GCC_WARN_UNINITIALIZED_AUTOS = YES_AGGRESSIVE;
				GCC_WARN_UNUSED_FUNCTION = YES;
				GCC_WARN_UNUSED_VARIABLE = YES;
				IPHONEOS_DEPLOYMENT_TARGET = 14.3;
				MTL_ENABLE_DEBUG_INFO = NO;
				MTL_FAST_MATH = YES;
				SDKROOT = iphoneos;
				SWIFT_COMPILATION_MODE = wholemodule;
				SWIFT_OPTIMIZATION_LEVEL = "-O";
				VALIDATE_PRODUCT = YES;
			};
			name = Release;
		};
		1AB63EDE25B6C51800A915C5 /* Debug */ = {
			isa = XCBuildConfiguration;
			baseConfigurationReference = B406F0B2A94AD06E3EE37B16 /* Pods-swift_linphone.debug.xcconfig */;
			buildSettings = {
				ASSETCATALOG_COMPILER_APPICON_NAME = AppIcon;
				ASSETCATALOG_COMPILER_GLOBAL_ACCENT_COLOR_NAME = AccentColor;
				CLANG_ENABLE_MODULES = YES;
				CODE_SIGN_ENTITLEMENTS = swift_linphone/swift_linphone.entitlements;
				CODE_SIGN_STYLE = Automatic;
				DEVELOPMENT_TEAM = 4JU7BFQ6NP;
				INFOPLIST_FILE = swift_linphone/Info.plist;
				IPHONEOS_DEPLOYMENT_TARGET = 12.1;
				LD_RUNPATH_SEARCH_PATHS = (
					"$(inherited)",
					"@executable_path/Frameworks",
				);
				PRODUCT_BUNDLE_IDENTIFIER = com.53kf.wewerwer;
				PRODUCT_NAME = "$(TARGET_NAME)";
				SWIFT_OBJC_BRIDGING_HEADER = "swift_linphone/swift_linphone-Bridging-Header.h";
				SWIFT_OPTIMIZATION_LEVEL = "-Onone";
				SWIFT_VERSION = 5.0;
				TARGETED_DEVICE_FAMILY = 1;
			};
			name = Debug;
		};
		1AB63EDF25B6C51800A915C5 /* Release */ = {
			isa = XCBuildConfiguration;
			baseConfigurationReference = F971C9F215E499BB3DCCCA8D /* Pods-swift_linphone.release.xcconfig */;
			buildSettings = {
				ASSETCATALOG_COMPILER_APPICON_NAME = AppIcon;
				ASSETCATALOG_COMPILER_GLOBAL_ACCENT_COLOR_NAME = AccentColor;
				CLANG_ENABLE_MODULES = YES;
				CODE_SIGN_ENTITLEMENTS = swift_linphone/swift_linphone.entitlements;
				CODE_SIGN_STYLE = Automatic;
				DEVELOPMENT_TEAM = 4JU7BFQ6NP;
				INFOPLIST_FILE = swift_linphone/Info.plist;
				IPHONEOS_DEPLOYMENT_TARGET = 12.1;
				LD_RUNPATH_SEARCH_PATHS = (
					"$(inherited)",
					"@executable_path/Frameworks",
				);
				PRODUCT_BUNDLE_IDENTIFIER = com.53kf.wewerwer;
				PRODUCT_NAME = "$(TARGET_NAME)";
				SWIFT_OBJC_BRIDGING_HEADER = "swift_linphone/swift_linphone-Bridging-Header.h";
				SWIFT_VERSION = 5.0;
				TARGETED_DEVICE_FAMILY = 1;
			};
			name = Release;
		};
/* End XCBuildConfiguration section */

/* Begin XCConfigurationList section */
		1AB63EC425B6C51400A915C5 /* Build configuration list for PBXProject "swift_linphone" */ = {
			isa = XCConfigurationList;
			buildConfigurations = (
				1AB63EDB25B6C51800A915C5 /* Debug */,
				1AB63EDC25B6C51800A915C5 /* Release */,
			);
			defaultConfigurationIsVisible = 0;
			defaultConfigurationName = Release;
		};
		1AB63EDD25B6C51800A915C5 /* Build configuration list for PBXNativeTarget "swift_linphone" */ = {
			isa = XCConfigurationList;
			buildConfigurations = (
				1AB63EDE25B6C51800A915C5 /* Debug */,
				1AB63EDF25B6C51800A915C5 /* Release */,
			);
			defaultConfigurationIsVisible = 0;
			defaultConfigurationName = Release;
		};
/* End XCConfigurationList section */
	};
	rootObject = 1AB63EC125B6C51400A915C5 /* Project object */;
}
